// !$*UTF8*$!
{
	archiveVersion = 1;
	classes = {
	};
	objectVersion = 50;
	objects = {

/* Begin PBXBuildFile section */
		1700411D25FA3A5E00E25418 /* Tests_iOS.swift in Sources */ = {isa = PBXBuildFile; fileRef = 1700411C25FA3A5E00E25418 /* Tests_iOS.swift */; };
		1700412825FA3A5E00E25418 /* Tests_macOS.swift in Sources */ = {isa = PBXBuildFile; fileRef = 1700412725FA3A5E00E25418 /* Tests_macOS.swift */; };
		1700412A25FA3A5E00E25418 /* onMars.xcdatamodeld in Sources */ = {isa = PBXBuildFile; fileRef = 170040FE25FA3A5A00E25418 /* onMars.xcdatamodeld */; };
		1700412B25FA3A5E00E25418 /* onMars.xcdatamodeld in Sources */ = {isa = PBXBuildFile; fileRef = 170040FE25FA3A5A00E25418 /* onMars.xcdatamodeld */; };
		1700412C25FA3A5E00E25418 /* onMarsApp.swift in Sources */ = {isa = PBXBuildFile; fileRef = 1700410025FA3A5A00E25418 /* onMarsApp.swift */; };
		1700412D25FA3A5E00E25418 /* onMarsApp.swift in Sources */ = {isa = PBXBuildFile; fileRef = 1700410025FA3A5A00E25418 /* onMarsApp.swift */; };
		1700412E25FA3A5E00E25418 /* ContentView.swift in Sources */ = {isa = PBXBuildFile; fileRef = 1700410125FA3A5A00E25418 /* ContentView.swift */; };
		1700412F25FA3A5E00E25418 /* ContentView.swift in Sources */ = {isa = PBXBuildFile; fileRef = 1700410125FA3A5A00E25418 /* ContentView.swift */; };
		1700413025FA3A5E00E25418 /* Persistence.swift in Sources */ = {isa = PBXBuildFile; fileRef = 1700410225FA3A5A00E25418 /* Persistence.swift */; };
		1700413125FA3A5E00E25418 /* Persistence.swift in Sources */ = {isa = PBXBuildFile; fileRef = 1700410225FA3A5A00E25418 /* Persistence.swift */; };
		1700413225FA3A5E00E25418 /* Assets.xcassets in Resources */ = {isa = PBXBuildFile; fileRef = 1700410325FA3A5E00E25418 /* Assets.xcassets */; };
		1700413325FA3A5E00E25418 /* Assets.xcassets in Resources */ = {isa = PBXBuildFile; fileRef = 1700410325FA3A5E00E25418 /* Assets.xcassets */; };
/* End PBXBuildFile section */

/* Begin PBXContainerItemProxy section */
		1700411925FA3A5E00E25418 /* PBXContainerItemProxy */ = {
			isa = PBXContainerItemProxy;
			containerPortal = 170040F925FA3A5A00E25418 /* Project object */;
			proxyType = 1;
			remoteGlobalIDString = 1700410725FA3A5E00E25418;
			remoteInfo = "onMars (iOS)";
		};
		1700412425FA3A5E00E25418 /* PBXContainerItemProxy */ = {
			isa = PBXContainerItemProxy;
			containerPortal = 170040F925FA3A5A00E25418 /* Project object */;
			proxyType = 1;
			remoteGlobalIDString = 1700410F25FA3A5E00E25418;
			remoteInfo = "onMars (macOS)";
		};
/* End PBXContainerItemProxy section */

/* Begin PBXFileReference section */
		170040FF25FA3A5A00E25418 /* Shared.xcdatamodel */ = {isa = PBXFileReference; lastKnownFileType = wrapper.xcdatamodel; path = Shared.xcdatamodel; sourceTree = "<group>"; };
		1700410025FA3A5A00E25418 /* onMarsApp.swift */ = {isa = PBXFileReference; lastKnownFileType = sourcecode.swift; path = onMarsApp.swift; sourceTree = "<group>"; };
		1700410125FA3A5A00E25418 /* ContentView.swift */ = {isa = PBXFileReference; lastKnownFileType = sourcecode.swift; path = ContentView.swift; sourceTree = "<group>"; };
		1700410225FA3A5A00E25418 /* Persistence.swift */ = {isa = PBXFileReference; lastKnownFileType = sourcecode.swift; path = Persistence.swift; sourceTree = "<group>"; };
		1700410325FA3A5E00E25418 /* Assets.xcassets */ = {isa = PBXFileReference; lastKnownFileType = folder.assetcatalog; path = Assets.xcassets; sourceTree = "<group>"; };
		1700410825FA3A5E00E25418 /* onMars.app */ = {isa = PBXFileReference; explicitFileType = wrapper.application; includeInIndex = 0; path = onMars.app; sourceTree = BUILT_PRODUCTS_DIR; };
		1700410B25FA3A5E00E25418 /* Info.plist */ = {isa = PBXFileReference; lastKnownFileType = text.plist.xml; path = Info.plist; sourceTree = "<group>"; };
		1700411025FA3A5E00E25418 /* onMars.app */ = {isa = PBXFileReference; explicitFileType = wrapper.application; includeInIndex = 0; path = onMars.app; sourceTree = BUILT_PRODUCTS_DIR; };
		1700411225FA3A5E00E25418 /* Info.plist */ = {isa = PBXFileReference; lastKnownFileType = text.plist.xml; path = Info.plist; sourceTree = "<group>"; };
		1700411325FA3A5E00E25418 /* macOS.entitlements */ = {isa = PBXFileReference; lastKnownFileType = text.plist.entitlements; path = macOS.entitlements; sourceTree = "<group>"; };
		1700411825FA3A5E00E25418 /* Tests iOS.xctest */ = {isa = PBXFileReference; explicitFileType = wrapper.cfbundle; includeInIndex = 0; path = "Tests iOS.xctest"; sourceTree = BUILT_PRODUCTS_DIR; };
		1700411C25FA3A5E00E25418 /* Tests_iOS.swift */ = {isa = PBXFileReference; lastKnownFileType = sourcecode.swift; path = Tests_iOS.swift; sourceTree = "<group>"; };
		1700411E25FA3A5E00E25418 /* Info.plist */ = {isa = PBXFileReference; lastKnownFileType = text.plist.xml; path = Info.plist; sourceTree = "<group>"; };
		1700412325FA3A5E00E25418 /* Tests macOS.xctest */ = {isa = PBXFileReference; explicitFileType = wrapper.cfbundle; includeInIndex = 0; path = "Tests macOS.xctest"; sourceTree = BUILT_PRODUCTS_DIR; };
		1700412725FA3A5E00E25418 /* Tests_macOS.swift */ = {isa = PBXFileReference; lastKnownFileType = sourcecode.swift; path = Tests_macOS.swift; sourceTree = "<group>"; };
		1700412925FA3A5E00E25418 /* Info.plist */ = {isa = PBXFileReference; lastKnownFileType = text.plist.xml; path = Info.plist; sourceTree = "<group>"; };
/* End PBXFileReference section */

/* Begin PBXFrameworksBuildPhase section */
		1700410525FA3A5E00E25418 /* Frameworks */ = {
			isa = PBXFrameworksBuildPhase;
			buildActionMask = 2147483647;
			files = (
			);
			runOnlyForDeploymentPostprocessing = 0;
		};
		1700410D25FA3A5E00E25418 /* Frameworks */ = {
			isa = PBXFrameworksBuildPhase;
			buildActionMask = 2147483647;
			files = (
			);
			runOnlyForDeploymentPostprocessing = 0;
		};
		1700411525FA3A5E00E25418 /* Frameworks */ = {
			isa = PBXFrameworksBuildPhase;
			buildActionMask = 2147483647;
			files = (
			);
			runOnlyForDeploymentPostprocessing = 0;
		};
		1700412025FA3A5E00E25418 /* Frameworks */ = {
			isa = PBXFrameworksBuildPhase;
			buildActionMask = 2147483647;
			files = (
			);
			runOnlyForDeploymentPostprocessing = 0;
		};
/* End PBXFrameworksBuildPhase section */

/* Begin PBXGroup section */
		170040F825FA3A5A00E25418 = {
			isa = PBXGroup;
			children = (
				170040FD25FA3A5A00E25418 /* Shared */,
				1700410A25FA3A5E00E25418 /* iOS */,
				1700411125FA3A5E00E25418 /* macOS */,
				1700411B25FA3A5E00E25418 /* Tests iOS */,
				1700412625FA3A5E00E25418 /* Tests macOS */,
				1700410925FA3A5E00E25418 /* Products */,
			);
			sourceTree = "<group>";
		};
		170040FD25FA3A5A00E25418 /* Shared */ = {
			isa = PBXGroup;
			children = (
				1700410025FA3A5A00E25418 /* onMarsApp.swift */,
				1700410125FA3A5A00E25418 /* ContentView.swift */,
				1700410225FA3A5A00E25418 /* Persistence.swift */,
				1700410325FA3A5E00E25418 /* Assets.xcassets */,
				170040FE25FA3A5A00E25418 /* onMars.xcdatamodeld */,
			);
			path = Shared;
			sourceTree = "<group>";
		};
		1700410925FA3A5E00E25418 /* Products */ = {
			isa = PBXGroup;
			children = (
				1700410825FA3A5E00E25418 /* onMars.app */,
				1700411025FA3A5E00E25418 /* onMars.app */,
				1700411825FA3A5E00E25418 /* Tests iOS.xctest */,
				1700412325FA3A5E00E25418 /* Tests macOS.xctest */,
			);
			name = Products;
			sourceTree = "<group>";
		};
		1700410A25FA3A5E00E25418 /* iOS */ = {
			isa = PBXGroup;
			children = (
				1700410B25FA3A5E00E25418 /* Info.plist */,
			);
			path = iOS;
			sourceTree = "<group>";
		};
		1700411125FA3A5E00E25418 /* macOS */ = {
			isa = PBXGroup;
			children = (
				1700411225FA3A5E00E25418 /* Info.plist */,
				1700411325FA3A5E00E25418 /* macOS.entitlements */,
			);
			path = macOS;
			sourceTree = "<group>";
		};
		1700411B25FA3A5E00E25418 /* Tests iOS */ = {
			isa = PBXGroup;
			children = (
				1700411C25FA3A5E00E25418 /* Tests_iOS.swift */,
				1700411E25FA3A5E00E25418 /* Info.plist */,
			);
			path = "Tests iOS";
			sourceTree = "<group>";
		};
		1700412625FA3A5E00E25418 /* Tests macOS */ = {
			isa = PBXGroup;
			children = (
				1700412725FA3A5E00E25418 /* Tests_macOS.swift */,
				1700412925FA3A5E00E25418 /* Info.plist */,
			);
			path = "Tests macOS";
			sourceTree = "<group>";
		};
/* End PBXGroup section */

/* Begin PBXNativeTarget section */
		1700410725FA3A5E00E25418 /* onMars (iOS) */ = {
			isa = PBXNativeTarget;
			buildConfigurationList = 1700413625FA3A5E00E25418 /* Build configuration list for PBXNativeTarget "onMars (iOS)" */;
			buildPhases = (
				1700410425FA3A5E00E25418 /* Sources */,
				1700410525FA3A5E00E25418 /* Frameworks */,
				1700410625FA3A5E00E25418 /* Resources */,
			);
			buildRules = (
			);
			dependencies = (
			);
			name = "onMars (iOS)";
			productName = "onMars (iOS)";
			productReference = 1700410825FA3A5E00E25418 /* onMars.app */;
			productType = "com.apple.product-type.application";
		};
		1700410F25FA3A5E00E25418 /* onMars (macOS) */ = {
			isa = PBXNativeTarget;
			buildConfigurationList = 1700413925FA3A5E00E25418 /* Build configuration list for PBXNativeTarget "onMars (macOS)" */;
			buildPhases = (
				1700410C25FA3A5E00E25418 /* Sources */,
				1700410D25FA3A5E00E25418 /* Frameworks */,
				1700410E25FA3A5E00E25418 /* Resources */,
			);
			buildRules = (
			);
			dependencies = (
			);
			name = "onMars (macOS)";
			productName = "onMars (macOS)";
			productReference = 1700411025FA3A5E00E25418 /* onMars.app */;
			productType = "com.apple.product-type.application";
		};
		1700411725FA3A5E00E25418 /* Tests iOS */ = {
			isa = PBXNativeTarget;
			buildConfigurationList = 1700413C25FA3A5E00E25418 /* Build configuration list for PBXNativeTarget "Tests iOS" */;
			buildPhases = (
				1700411425FA3A5E00E25418 /* Sources */,
				1700411525FA3A5E00E25418 /* Frameworks */,
				1700411625FA3A5E00E25418 /* Resources */,
			);
			buildRules = (
			);
			dependencies = (
				1700411A25FA3A5E00E25418 /* PBXTargetDependency */,
			);
			name = "Tests iOS";
			productName = "Tests iOS";
			productReference = 1700411825FA3A5E00E25418 /* Tests iOS.xctest */;
			productType = "com.apple.product-type.bundle.ui-testing";
		};
		1700412225FA3A5E00E25418 /* Tests macOS */ = {
			isa = PBXNativeTarget;
			buildConfigurationList = 1700413F25FA3A5E00E25418 /* Build configuration list for PBXNativeTarget "Tests macOS" */;
			buildPhases = (
				1700411F25FA3A5E00E25418 /* Sources */,
				1700412025FA3A5E00E25418 /* Frameworks */,
				1700412125FA3A5E00E25418 /* Resources */,
			);
			buildRules = (
			);
			dependencies = (
				1700412525FA3A5E00E25418 /* PBXTargetDependency */,
			);
			name = "Tests macOS";
			productName = "Tests macOS";
			productReference = 1700412325FA3A5E00E25418 /* Tests macOS.xctest */;
			productType = "com.apple.product-type.bundle.ui-testing";
		};
/* End PBXNativeTarget section */

/* Begin PBXProject section */
		170040F925FA3A5A00E25418 /* Project object */ = {
			isa = PBXProject;
			attributes = {
				LastSwiftUpdateCheck = 1240;
				LastUpgradeCheck = 1240;
				TargetAttributes = {
					1700410725FA3A5E00E25418 = {
						CreatedOnToolsVersion = 12.4;
					};
					1700410F25FA3A5E00E25418 = {
						CreatedOnToolsVersion = 12.4;
					};
					1700411725FA3A5E00E25418 = {
						CreatedOnToolsVersion = 12.4;
						TestTargetID = 1700410725FA3A5E00E25418;
					};
					1700412225FA3A5E00E25418 = {
						CreatedOnToolsVersion = 12.4;
						TestTargetID = 1700410F25FA3A5E00E25418;
					};
				};
			};
			buildConfigurationList = 170040FC25FA3A5A00E25418 /* Build configuration list for PBXProject "onMars" */;
			compatibilityVersion = "Xcode 9.3";
			developmentRegion = en;
			hasScannedForEncodings = 0;
			knownRegions = (
				en,
				Base,
			);
			mainGroup = 170040F825FA3A5A00E25418;
			productRefGroup = 1700410925FA3A5E00E25418 /* Products */;
			projectDirPath = "";
			projectRoot = "";
			targets = (
				1700410725FA3A5E00E25418 /* onMars (iOS) */,
				1700410F25FA3A5E00E25418 /* onMars (macOS) */,
				1700411725FA3A5E00E25418 /* Tests iOS */,
				1700412225FA3A5E00E25418 /* Tests macOS */,
			);
		};
/* End PBXProject section */

/* Begin PBXResourcesBuildPhase section */
		1700410625FA3A5E00E25418 /* Resources */ = {
			isa = PBXResourcesBuildPhase;
			buildActionMask = 2147483647;
			files = (
				1700413225FA3A5E00E25418 /* Assets.xcassets in Resources */,
			);
			runOnlyForDeploymentPostprocessing = 0;
		};
		1700410E25FA3A5E00E25418 /* Resources */ = {
			isa = PBXResourcesBuildPhase;
			buildActionMask = 2147483647;
			files = (
				1700413325FA3A5E00E25418 /* Assets.xcassets in Resources */,
			);
			runOnlyForDeploymentPostprocessing = 0;
		};
		1700411625FA3A5E00E25418 /* Resources */ = {
			isa = PBXResourcesBuildPhase;
			buildActionMask = 2147483647;
			files = (
			);
			runOnlyForDeploymentPostprocessing = 0;
		};
		1700412125FA3A5E00E25418 /* Resources */ = {
			isa = PBXResourcesBuildPhase;
			buildActionMask = 2147483647;
			files = (
			);
			runOnlyForDeploymentPostprocessing = 0;
		};
/* End PBXResourcesBuildPhase section */

/* Begin PBXSourcesBuildPhase section */
		1700410425FA3A5E00E25418 /* Sources */ = {
			isa = PBXSourcesBuildPhase;
			buildActionMask = 2147483647;
			files = (
				1700412A25FA3A5E00E25418 /* onMars.xcdatamodeld in Sources */,
				1700413025FA3A5E00E25418 /* Persistence.swift in Sources */,
				1700412C25FA3A5E00E25418 /* onMarsApp.swift in Sources */,
				1700412E25FA3A5E00E25418 /* ContentView.swift in Sources */,
			);
			runOnlyForDeploymentPostprocessing = 0;
		};
		1700410C25FA3A5E00E25418 /* Sources */ = {
			isa = PBXSourcesBuildPhase;
			buildActionMask = 2147483647;
			files = (
				1700412B25FA3A5E00E25418 /* onMars.xcdatamodeld in Sources */,
				1700413125FA3A5E00E25418 /* Persistence.swift in Sources */,
				1700412D25FA3A5E00E25418 /* onMarsApp.swift in Sources */,
				1700412F25FA3A5E00E25418 /* ContentView.swift in Sources */,
			);
			runOnlyForDeploymentPostprocessing = 0;
		};
		1700411425FA3A5E00E25418 /* Sources */ = {
			isa = PBXSourcesBuildPhase;
			buildActionMask = 2147483647;
			files = (
				1700411D25FA3A5E00E25418 /* Tests_iOS.swift in Sources */,
			);
			runOnlyForDeploymentPostprocessing = 0;
		};
		1700411F25FA3A5E00E25418 /* Sources */ = {
			isa = PBXSourcesBuildPhase;
			buildActionMask = 2147483647;
			files = (
				1700412825FA3A5E00E25418 /* Tests_macOS.swift in Sources */,
			);
			runOnlyForDeploymentPostprocessing = 0;
		};
/* End PBXSourcesBuildPhase section */

/* Begin PBXTargetDependency section */
		1700411A25FA3A5E00E25418 /* PBXTargetDependency */ = {
			isa = PBXTargetDependency;
			target = 1700410725FA3A5E00E25418 /* onMars (iOS) */;
			targetProxy = 1700411925FA3A5E00E25418 /* PBXContainerItemProxy */;
		};
		1700412525FA3A5E00E25418 /* PBXTargetDependency */ = {
			isa = PBXTargetDependency;
			target = 1700410F25FA3A5E00E25418 /* onMars (macOS) */;
			targetProxy = 1700412425FA3A5E00E25418 /* PBXContainerItemProxy */;
		};
/* End PBXTargetDependency section */

/* Begin XCBuildConfiguration section */
		1700413425FA3A5E00E25418 /* Debug */ = {
			isa = XCBuildConfiguration;
			buildSettings = {
				ALWAYS_SEARCH_USER_PATHS = NO;
				CLANG_ANALYZER_NONNULL = YES;
				CLANG_ANALYZER_NUMBER_OBJECT_CONVERSION = YES_AGGRESSIVE;
				CLANG_CXX_LANGUAGE_STANDARD = "gnu++14";
				CLANG_CXX_LIBRARY = "libc++";
				CLANG_ENABLE_MODULES = YES;
				CLANG_ENABLE_OBJC_ARC = YES;
				CLANG_ENABLE_OBJC_WEAK = YES;
				CLANG_WARN_BLOCK_CAPTURE_AUTORELEASING = YES;
				CLANG_WARN_BOOL_CONVERSION = YES;
				CLANG_WARN_COMMA = YES;
				CLANG_WARN_CONSTANT_CONVERSION = YES;
				CLANG_WARN_DEPRECATED_OBJC_IMPLEMENTATIONS = YES;
				CLANG_WARN_DIRECT_OBJC_ISA_USAGE = YES_ERROR;
				CLANG_WARN_DOCUMENTATION_COMMENTS = YES;
				CLANG_WARN_EMPTY_BODY = YES;
				CLANG_WARN_ENUM_CONVERSION = YES;
				CLANG_WARN_INFINITE_RECURSION = YES;
				CLANG_WARN_INT_CONVERSION = YES;
				CLANG_WARN_NON_LITERAL_NULL_CONVERSION = YES;
				CLANG_WARN_OBJC_IMPLICIT_RETAIN_SELF = YES;
				CLANG_WARN_OBJC_LITERAL_CONVERSION = YES;
				CLANG_WARN_OBJC_ROOT_CLASS = YES_ERROR;
				CLANG_WARN_QUOTED_INCLUDE_IN_FRAMEWORK_HEADER = YES;
				CLANG_WARN_RANGE_LOOP_ANALYSIS = YES;
				CLANG_WARN_STRICT_PROTOTYPES = YES;
				CLANG_WARN_SUSPICIOUS_MOVE = YES;
				CLANG_WARN_UNGUARDED_AVAILABILITY = YES_AGGRESSIVE;
				CLANG_WARN_UNREACHABLE_CODE = YES;
				CLANG_WARN__DUPLICATE_METHOD_MATCH = YES;
				COPY_PHASE_STRIP = NO;
				DEBUG_INFORMATION_FORMAT = dwarf;
				ENABLE_STRICT_OBJC_MSGSEND = YES;
				ENABLE_TESTABILITY = YES;
				GCC_C_LANGUAGE_STANDARD = gnu11;
				GCC_DYNAMIC_NO_PIC = NO;
				GCC_NO_COMMON_BLOCKS = YES;
				GCC_OPTIMIZATION_LEVEL = 0;
				GCC_PREPROCESSOR_DEFINITIONS = (
					"DEBUG=1",
					"$(inherited)",
				);
				GCC_WARN_64_TO_32_BIT_CONVERSION = YES;
				GCC_WARN_ABOUT_RETURN_TYPE = YES_ERROR;
				GCC_WARN_UNDECLARED_SELECTOR = YES;
				GCC_WARN_UNINITIALIZED_AUTOS = YES_AGGRESSIVE;
				GCC_WARN_UNUSED_FUNCTION = YES;
				GCC_WARN_UNUSED_VARIABLE = YES;
				MTL_ENABLE_DEBUG_INFO = INCLUDE_SOURCE;
				MTL_FAST_MATH = YES;
				ONLY_ACTIVE_ARCH = YES;
				SWIFT_ACTIVE_COMPILATION_CONDITIONS = DEBUG;
				SWIFT_OPTIMIZATION_LEVEL = "-Onone";
			};
			name = Debug;
		};
		1700413525FA3A5E00E25418 /* Release */ = {
			isa = XCBuildConfiguration;
			buildSettings = {
				ALWAYS_SEARCH_USER_PATHS = NO;
				CLANG_ANALYZER_NONNULL = YES;
				CLANG_ANALYZER_NUMBER_OBJECT_CONVERSION = YES_AGGRESSIVE;
				CLANG_CXX_LANGUAGE_STANDARD = "gnu++14";
				CLANG_CXX_LIBRARY = "libc++";
				CLANG_ENABLE_MODULES = YES;
				CLANG_ENABLE_OBJC_ARC = YES;
				CLANG_ENABLE_OBJC_WEAK = YES;
				CLANG_WARN_BLOCK_CAPTURE_AUTORELEASING = YES;
				CLANG_WARN_BOOL_CONVERSION = YES;
				CLANG_WARN_COMMA = YES;
				CLANG_WARN_CONSTANT_CONVERSION = YES;
				CLANG_WARN_DEPRECATED_OBJC_IMPLEMENTATIONS = YES;
				CLANG_WARN_DIRECT_OBJC_ISA_USAGE = YES_ERROR;
				CLANG_WARN_DOCUMENTATION_COMMENTS = YES;
				CLANG_WARN_EMPTY_BODY = YES;
				CLANG_WARN_ENUM_CONVERSION = YES;
				CLANG_WARN_INFINITE_RECURSION = YES;
				CLANG_WARN_INT_CONVERSION = YES;
				CLANG_WARN_NON_LITERAL_NULL_CONVERSION = YES;
				CLANG_WARN_OBJC_IMPLICIT_RETAIN_SELF = YES;
				CLANG_WARN_OBJC_LITERAL_CONVERSION = YES;
				CLANG_WARN_OBJC_ROOT_CLASS = YES_ERROR;
				CLANG_WARN_QUOTED_INCLUDE_IN_FRAMEWORK_HEADER = YES;
				CLANG_WARN_RANGE_LOOP_ANALYSIS = YES;
				CLANG_WARN_STRICT_PROTOTYPES = YES;
				CLANG_WARN_SUSPICIOUS_MOVE = YES;
				CLANG_WARN_UNGUARDED_AVAILABILITY = YES_AGGRESSIVE;
				CLANG_WARN_UNREACHABLE_CODE = YES;
				CLANG_WARN__DUPLICATE_METHOD_MATCH = YES;
				COPY_PHASE_STRIP = NO;
				DEBUG_INFORMATION_FORMAT = "dwarf-with-dsym";
				ENABLE_NS_ASSERTIONS = NO;
				ENABLE_STRICT_OBJC_MSGSEND = YES;
				GCC_C_LANGUAGE_STANDARD = gnu11;
				GCC_NO_COMMON_BLOCKS = YES;
				GCC_WARN_64_TO_32_BIT_CONVERSION = YES;
				GCC_WARN_ABOUT_RETURN_TYPE = YES_ERROR;
				GCC_WARN_UNDECLARED_SELECTOR = YES;
				GCC_WARN_UNINITIALIZED_AUTOS = YES_AGGRESSIVE;
				GCC_WARN_UNUSED_FUNCTION = YES;
				GCC_WARN_UNUSED_VARIABLE = YES;
				MTL_ENABLE_DEBUG_INFO = NO;
				MTL_FAST_MATH = YES;
				SWIFT_COMPILATION_MODE = wholemodule;
				SWIFT_OPTIMIZATION_LEVEL = "-O";
			};
			name = Release;
		};
		1700413725FA3A5E00E25418 /* Debug */ = {
			isa = XCBuildConfiguration;
			buildSettings = {
				ASSETCATALOG_COMPILER_APPICON_NAME = AppIcon;
				ASSETCATALOG_COMPILER_GLOBAL_ACCENT_COLOR_NAME = AccentColor;
				CODE_SIGN_STYLE = Automatic;
				DEVELOPMENT_TEAM = GDG2N58DA2;
				ENABLE_PREVIEWS = YES;
				INFOPLIST_FILE = iOS/Info.plist;
				IPHONEOS_DEPLOYMENT_TARGET = 14.0;
				LD_RUNPATH_SEARCH_PATHS = (
					"$(inherited)",
					"@executable_path/Frameworks",
				);
				PRODUCT_BUNDLE_IDENTIFIER = com.wakanda.onMars;
				PRODUCT_NAME = onMars;
				SDKROOT = iphoneos;
				SWIFT_VERSION = 5.0;
				TARGETED_DEVICE_FAMILY = "1,2";
			};
			name = Debug;
		};
		1700413825FA3A5E00E25418 /* Release */ = {
			isa = XCBuildConfiguration;
			buildSettings = {
				ASSETCATALOG_COMPILER_APPICON_NAME = AppIcon;
				ASSETCATALOG_COMPILER_GLOBAL_ACCENT_COLOR_NAME = AccentColor;
				CODE_SIGN_STYLE = Automatic;
				DEVELOPMENT_TEAM = GDG2N58DA2;
				ENABLE_PREVIEWS = YES;
				INFOPLIST_FILE = iOS/Info.plist;
				IPHONEOS_DEPLOYMENT_TARGET = 14.0;
				LD_RUNPATH_SEARCH_PATHS = (
					"$(inherited)",
					"@executable_path/Frameworks",
				);
				PRODUCT_BUNDLE_IDENTIFIER = com.wakanda.onMars;
				PRODUCT_NAME = onMars;
				SDKROOT = iphoneos;
				SWIFT_VERSION = 5.0;
				TARGETED_DEVICE_FAMILY = "1,2";
				VALIDATE_PRODUCT = YES;
			};
			name = Release;
		};
		1700413A25FA3A5E00E25418 /* Debug */ = {
			isa = XCBuildConfiguration;
			buildSettings = {
				ASSETCATALOG_COMPILER_APPICON_NAME = AppIcon;
				ASSETCATALOG_COMPILER_GLOBAL_ACCENT_COLOR_NAME = AccentColor;
				CODE_SIGN_ENTITLEMENTS = macOS/macOS.entitlements;
				CODE_SIGN_STYLE = Automatic;
				COMBINE_HIDPI_IMAGES = YES;
				DEVELOPMENT_TEAM = GDG2N58DA2;
				ENABLE_HARDENED_RUNTIME = YES;
				ENABLE_PREVIEWS = YES;
				INFOPLIST_FILE = macOS/Info.plist;
				LD_RUNPATH_SEARCH_PATHS = (
					"$(inherited)",
					"@executable_path/../Frameworks",
				);
				MACOSX_DEPLOYMENT_TARGET = 11.0;
				PRODUCT_BUNDLE_IDENTIFIER = com.wakanda.onMars;
				PRODUCT_NAME = onMars;
				SDKROOT = macosx;
				SWIFT_VERSION = 5.0;
			};
			name = Debug;
		};
		1700413B25FA3A5E00E25418 /* Release */ = {
			isa = XCBuildConfiguration;
			buildSettings = {
				ASSETCATALOG_COMPILER_APPICON_NAME = AppIcon;
				ASSETCATALOG_COMPILER_GLOBAL_ACCENT_COLOR_NAME = AccentColor;
				CODE_SIGN_ENTITLEMENTS = macOS/macOS.entitlements;
				CODE_SIGN_STYLE = Automatic;
				COMBINE_HIDPI_IMAGES = YES;
				DEVELOPMENT_TEAM = GDG2N58DA2;
				ENABLE_HARDENED_RUNTIME = YES;
				ENABLE_PREVIEWS = YES;
				INFOPLIST_FILE = macOS/Info.plist;
				LD_RUNPATH_SEARCH_PATHS = (
					"$(inherited)",
					"@executable_path/../Frameworks",
				);
				MACOSX_DEPLOYMENT_TARGET = 11.0;
				PRODUCT_BUNDLE_IDENTIFIER = com.wakanda.onMars;
				PRODUCT_NAME = onMars;
				SDKROOT = macosx;
				SWIFT_VERSION = 5.0;
			};
			name = Release;
		};
		1700413D25FA3A5E00E25418 /* Debug */ = {
			isa = XCBuildConfiguration;
			buildSettings = {
				ALWAYS_EMBED_SWIFT_STANDARD_LIBRARIES = YES;
				CODE_SIGN_STYLE = Automatic;
				DEVELOPMENT_TEAM = GDG2N58DA2;
				INFOPLIST_FILE = "Tests iOS/Info.plist";
				IPHONEOS_DEPLOYMENT_TARGET = 14.4;
				LD_RUNPATH_SEARCH_PATHS = (
					"$(inherited)",
					"@executable_path/Frameworks",
					"@loader_path/Frameworks",
				);
				PRODUCT_BUNDLE_IDENTIFIER = "com.wakanda.Tests-iOS";
				PRODUCT_NAME = "$(TARGET_NAME)";
				SDKROOT = iphoneos;
				SWIFT_VERSION = 5.0;
				TARGETED_DEVICE_FAMILY = "1,2";
				TEST_TARGET_NAME = "onMars (iOS)";
			};
			name = Debug;
		};
		1700413E25FA3A5E00E25418 /* Release */ = {
			isa = XCBuildConfiguration;
			buildSettings = {
				ALWAYS_EMBED_SWIFT_STANDARD_LIBRARIES = YES;
				CODE_SIGN_STYLE = Automatic;
				DEVELOPMENT_TEAM = GDG2N58DA2;
				INFOPLIST_FILE = "Tests iOS/Info.plist";
				IPHONEOS_DEPLOYMENT_TARGET = 14.4;
				LD_RUNPATH_SEARCH_PATHS = (
					"$(inherited)",
					"@executable_path/Frameworks",
					"@loader_path/Frameworks",
				);
				PRODUCT_BUNDLE_IDENTIFIER = "com.wakanda.Tests-iOS";
				PRODUCT_NAME = "$(TARGET_NAME)";
				SDKROOT = iphoneos;
				SWIFT_VERSION = 5.0;
				TARGETED_DEVICE_FAMILY = "1,2";
				TEST_TARGET_NAME = "onMars (iOS)";
				VALIDATE_PRODUCT = YES;
			};
			name = Release;
		};
		1700414025FA3A5E00E25418 /* Debug */ = {
			isa = XCBuildConfiguration;
			buildSettings = {
				ALWAYS_EMBED_SWIFT_STANDARD_LIBRARIES = YES;
				CODE_SIGN_STYLE = Automatic;
				COMBINE_HIDPI_IMAGES = YES;
				DEVELOPMENT_TEAM = GDG2N58DA2;
				INFOPLIST_FILE = "Tests macOS/Info.plist";
				LD_RUNPATH_SEARCH_PATHS = (
					"$(inherited)",
					"@executable_path/../Frameworks",
					"@loader_path/../Frameworks",
				);
				MACOSX_DEPLOYMENT_TARGET = 11.0;
				PRODUCT_BUNDLE_IDENTIFIER = "com.wakanda.Tests-macOS";
				PRODUCT_NAME = "$(TARGET_NAME)";
				SDKROOT = macosx;
				SWIFT_VERSION = 5.0;
				TEST_TARGET_NAME = "onMars (macOS)";
			};
			name = Debug;
		};
		1700414125FA3A5E00E25418 /* Release */ = {
			isa = XCBuildConfiguration;
			buildSettings = {
				ALWAYS_EMBED_SWIFT_STANDARD_LIBRARIES = YES;
				CODE_SIGN_STYLE = Automatic;
				COMBINE_HIDPI_IMAGES = YES;
				DEVELOPMENT_TEAM = GDG2N58DA2;
				INFOPLIST_FILE = "Tests macOS/Info.plist";
				LD_RUNPATH_SEARCH_PATHS = (
					"$(inherited)",
					"@executable_path/../Frameworks",
					"@loader_path/../Frameworks",
				);
				MACOSX_DEPLOYMENT_TARGET = 11.0;
				PRODUCT_BUNDLE_IDENTIFIER = "com.wakanda.Tests-macOS";
				PRODUCT_NAME = "$(TARGET_NAME)";
				SDKROOT = macosx;
				SWIFT_VERSION = 5.0;
				TEST_TARGET_NAME = "onMars (macOS)";
			};
			name = Release;
		};
/* End XCBuildConfiguration section */

/* Begin XCConfigurationList section */
		170040FC25FA3A5A00E25418 /* Build configuration list for PBXProject "onMars" */ = {
			isa = XCConfigurationList;
			buildConfigurations = (
				1700413425FA3A5E00E25418 /* Debug */,
				1700413525FA3A5E00E25418 /* Release */,
			);
			defaultConfigurationIsVisible = 0;
			defaultConfigurationName = Release;
		};
		1700413625FA3A5E00E25418 /* Build configuration list for PBXNativeTarget "onMars (iOS)" */ = {
			isa = XCConfigurationList;
			buildConfigurations = (
				1700413725FA3A5E00E25418 /* Debug */,
				1700413825FA3A5E00E25418 /* Release */,
			);
			defaultConfigurationIsVisible = 0;
			defaultConfigurationName = Release;
		};
		1700413925FA3A5E00E25418 /* Build configuration list for PBXNativeTarget "onMars (macOS)" */ = {
			isa = XCConfigurationList;
			buildConfigurations = (
				1700413A25FA3A5E00E25418 /* Debug */,
				1700413B25FA3A5E00E25418 /* Release */,
			);
			defaultConfigurationIsVisible = 0;
			defaultConfigurationName = Release;
		};
		1700413C25FA3A5E00E25418 /* Build configuration list for PBXNativeTarget "Tests iOS" */ = {
			isa = XCConfigurationList;
			buildConfigurations = (
				1700413D25FA3A5E00E25418 /* Debug */,
				1700413E25FA3A5E00E25418 /* Release */,
			);
			defaultConfigurationIsVisible = 0;
			defaultConfigurationName = Release;
		};
		1700413F25FA3A5E00E25418 /* Build configuration list for PBXNativeTarget "Tests macOS" */ = {
			isa = XCConfigurationList;
			buildConfigurations = (
				1700414025FA3A5E00E25418 /* Debug */,
				1700414125FA3A5E00E25418 /* Release */,
			);
			defaultConfigurationIsVisible = 0;
			defaultConfigurationName = Release;
		};
/* End XCConfigurationList section */

/* Begin XCVersionGroup section */
		170040FE25FA3A5A00E25418 /* onMars.xcdatamodeld */ = {
			isa = XCVersionGroup;
			children = (
				170040FF25FA3A5A00E25418 /* Shared.xcdatamodel */,
			);
			currentVersion = 170040FF25FA3A5A00E25418 /* Shared.xcdatamodel */;
			path = onMars.xcdatamodeld;
			sourceTree = "<group>";
			versionGroupType = wrapper.xcdatamodel;
		};
/* End XCVersionGroup section */
	};
	rootObject = 170040F925FA3A5A00E25418 /* Project object */;
}
