// !$*UTF8*$!
{
	archiveVersion = 1;
	classes = {
	};
	objectVersion = 50;
	objects = {

/* Begin PBXBuildFile section */
		170DA10D26106B4E00897550 /* onMarsApp.swift in Sources */ = {isa = PBXBuildFile; fileRef = 170DA10C26106B4E00897550 /* onMarsApp.swift */; };
		170DA10F26106B4E00897550 /* ContentView.swift in Sources */ = {isa = PBXBuildFile; fileRef = 170DA10E26106B4E00897550 /* ContentView.swift */; };
		170DA11426106B5100897550 /* Preview Assets.xcassets in Resources */ = {isa = PBXBuildFile; fileRef = 170DA11326106B5100897550 /* Preview Assets.xcassets */; };
		170DA11626106B5100897550 /* Persistence.swift in Sources */ = {isa = PBXBuildFile; fileRef = 170DA11526106B5100897550 /* Persistence.swift */; };
		170DA11926106B5100897550 /* onMars.xcdatamodeld in Sources */ = {isa = PBXBuildFile; fileRef = 170DA11726106B5100897550 /* onMars.xcdatamodeld */; };
		170DA14026106BBA00897550 /* GameScene.swift in Sources */ = {isa = PBXBuildFile; fileRef = 1700415B25FA417D00E25418 /* GameScene.swift */; };
		170DA14A26106C7400897550 /* MotionManager.swift in Sources */ = {isa = PBXBuildFile; fileRef = 17E7F9CD26103216004BD40A /* MotionManager.swift */; };
		170DA15E26106D2900897550 /* Assets.xcassets in Resources */ = {isa = PBXBuildFile; fileRef = 170DA0F42610632100897550 /* Assets.xcassets */; };
/* End PBXBuildFile section */

/* Begin PBXContainerItemProxy section */
		170DA12026106B5100897550 /* PBXContainerItemProxy */ = {
			isa = PBXContainerItemProxy;
			containerPortal = 170040F925FA3A5A00E25418 /* Project object */;
			proxyType = 1;
			remoteGlobalIDString = 170DA10926106B4E00897550;
			remoteInfo = onMars;
		};
		170DA12B26106B5100897550 /* PBXContainerItemProxy */ = {
			isa = PBXContainerItemProxy;
			containerPortal = 170040F925FA3A5A00E25418 /* Project object */;
			proxyType = 1;
			remoteGlobalIDString = 170DA10926106B4E00897550;
			remoteInfo = onMars;
		};
/* End PBXContainerItemProxy section */

/* Begin PBXFileReference section */
		1700415B25FA417D00E25418 /* GameScene.swift */ = {isa = PBXFileReference; lastKnownFileType = sourcecode.swift; path = GameScene.swift; sourceTree = "<group>"; };
		170DA0F42610632100897550 /* Assets.xcassets */ = {isa = PBXFileReference; lastKnownFileType = folder.assetcatalog; path = Assets.xcassets; sourceTree = "<group>"; };
		170DA10A26106B4E00897550 /* onMars.app */ = {isa = PBXFileReference; explicitFileType = wrapper.application; includeInIndex = 0; path = onMars.app; sourceTree = BUILT_PRODUCTS_DIR; };
		170DA10C26106B4E00897550 /* onMarsApp.swift */ = {isa = PBXFileReference; lastKnownFileType = sourcecode.swift; path = onMarsApp.swift; sourceTree = "<group>"; };
		170DA10E26106B4E00897550 /* ContentView.swift */ = {isa = PBXFileReference; lastKnownFileType = sourcecode.swift; path = ContentView.swift; sourceTree = "<group>"; };
		170DA11326106B5100897550 /* Preview Assets.xcassets */ = {isa = PBXFileReference; lastKnownFileType = folder.assetcatalog; path = "Preview Assets.xcassets"; sourceTree = "<group>"; };
		170DA11526106B5100897550 /* Persistence.swift */ = {isa = PBXFileReference; lastKnownFileType = sourcecode.swift; path = Persistence.swift; sourceTree = "<group>"; };
		170DA11826106B5100897550 /* onMars.xcdatamodel */ = {isa = PBXFileReference; lastKnownFileType = wrapper.xcdatamodel; path = onMars.xcdatamodel; sourceTree = "<group>"; };
		170DA11A26106B5100897550 /* Info.plist */ = {isa = PBXFileReference; lastKnownFileType = text.plist.xml; path = Info.plist; sourceTree = "<group>"; };
		170DA11F26106B5100897550 /* onMarsTests.xctest */ = {isa = PBXFileReference; explicitFileType = wrapper.cfbundle; includeInIndex = 0; path = onMarsTests.xctest; sourceTree = BUILT_PRODUCTS_DIR; };
		170DA12A26106B5100897550 /* onMarsUITests.xctest */ = {isa = PBXFileReference; explicitFileType = wrapper.cfbundle; includeInIndex = 0; path = onMarsUITests.xctest; sourceTree = BUILT_PRODUCTS_DIR; };
		17E7F9CD26103216004BD40A /* MotionManager.swift */ = {isa = PBXFileReference; lastKnownFileType = sourcecode.swift; path = MotionManager.swift; sourceTree = "<group>"; };
/* End PBXFileReference section */

/* Begin PBXFrameworksBuildPhase section */
		170DA10726106B4E00897550 /* Frameworks */ = {
			isa = PBXFrameworksBuildPhase;
			buildActionMask = 2147483647;
			files = (
			);
			runOnlyForDeploymentPostprocessing = 0;
		};
		170DA11C26106B5100897550 /* Frameworks */ = {
			isa = PBXFrameworksBuildPhase;
			buildActionMask = 2147483647;
			files = (
			);
			runOnlyForDeploymentPostprocessing = 0;
		};
		170DA12726106B5100897550 /* Frameworks */ = {
			isa = PBXFrameworksBuildPhase;
			buildActionMask = 2147483647;
			files = (
			);
			runOnlyForDeploymentPostprocessing = 0;
		};
/* End PBXFrameworksBuildPhase section */

/* Begin PBXGroup section */
		170040F825FA3A5A00E25418 = {
			isa = PBXGroup;
			children = (
				170DA10B26106B4E00897550 /* onMars */,
				1700410925FA3A5E00E25418 /* Products */,
			);
			sourceTree = "<group>";
		};
		1700410925FA3A5E00E25418 /* Products */ = {
			isa = PBXGroup;
			children = (
				170DA10A26106B4E00897550 /* onMars.app */,
				170DA11F26106B5100897550 /* onMarsTests.xctest */,
				170DA12A26106B5100897550 /* onMarsUITests.xctest */,
			);
			name = Products;
			sourceTree = "<group>";
		};
		1700415625FA3BE900E25418 /* Sounds */ = {
			isa = PBXGroup;
			children = (
			);
			path = Sounds;
			sourceTree = "<group>";
		};
		170DA10B26106B4E00897550 /* onMars */ = {
			isa = PBXGroup;
			children = (
				1700415625FA3BE900E25418 /* Sounds */,
				17E7F9CC26103200004BD40A /* Controller */,
				170DA0F42610632100897550 /* Assets.xcassets */,
				1700415B25FA417D00E25418 /* GameScene.swift */,
				170DA10C26106B4E00897550 /* onMarsApp.swift */,
				170DA10E26106B4E00897550 /* ContentView.swift */,
				170DA11526106B5100897550 /* Persistence.swift */,
				170DA11A26106B5100897550 /* Info.plist */,
				170DA11726106B5100897550 /* onMars.xcdatamodeld */,
				170DA11226106B5100897550 /* Preview Content */,
			);
			path = onMars;
			sourceTree = "<group>";
		};
		170DA11226106B5100897550 /* Preview Content */ = {
			isa = PBXGroup;
			children = (
				170DA11326106B5100897550 /* Preview Assets.xcassets */,
			);
			path = "Preview Content";
			sourceTree = "<group>";
		};
		17E7F9CC26103200004BD40A /* Controller */ = {
			isa = PBXGroup;
			children = (
				17E7F9CD26103216004BD40A /* MotionManager.swift */,
			);
			path = Controller;
			sourceTree = "<group>";
		};
/* End PBXGroup section */

/* Begin PBXNativeTarget section */
		170DA10926106B4E00897550 /* onMars */ = {
			isa = PBXNativeTarget;
			buildConfigurationList = 170DA13126106B5100897550 /* Build configuration list for PBXNativeTarget "onMars" */;
			buildPhases = (
				170DA10626106B4E00897550 /* Sources */,
				170DA10726106B4E00897550 /* Frameworks */,
				170DA10826106B4E00897550 /* Resources */,
			);
			buildRules = (
			);
			dependencies = (
			);
			name = onMars;
			productName = onMars;
			productReference = 170DA10A26106B4E00897550 /* onMars.app */;
			productType = "com.apple.product-type.application";
		};
		170DA11E26106B5100897550 /* onMarsTests */ = {
			isa = PBXNativeTarget;
			buildConfigurationList = 170DA13426106B5100897550 /* Build configuration list for PBXNativeTarget "onMarsTests" */;
			buildPhases = (
				170DA11B26106B5100897550 /* Sources */,
				170DA11C26106B5100897550 /* Frameworks */,
				170DA11D26106B5100897550 /* Resources */,
			);
			buildRules = (
			);
			dependencies = (
				170DA12126106B5100897550 /* PBXTargetDependency */,
			);
			name = onMarsTests;
			productName = onMarsTests;
			productReference = 170DA11F26106B5100897550 /* onMarsTests.xctest */;
			productType = "com.apple.product-type.bundle.unit-test";
		};
		170DA12926106B5100897550 /* onMarsUITests */ = {
			isa = PBXNativeTarget;
			buildConfigurationList = 170DA13726106B5100897550 /* Build configuration list for PBXNativeTarget "onMarsUITests" */;
			buildPhases = (
				170DA12626106B5100897550 /* Sources */,
				170DA12726106B5100897550 /* Frameworks */,
				170DA12826106B5100897550 /* Resources */,
			);
			buildRules = (
			);
			dependencies = (
				170DA12C26106B5100897550 /* PBXTargetDependency */,
			);
			name = onMarsUITests;
			productName = onMarsUITests;
			productReference = 170DA12A26106B5100897550 /* onMarsUITests.xctest */;
			productType = "com.apple.product-type.bundle.ui-testing";
		};
/* End PBXNativeTarget section */

/* Begin PBXProject section */
		170040F925FA3A5A00E25418 /* Project object */ = {
			isa = PBXProject;
			attributes = {
				LastSwiftUpdateCheck = 1240;
				LastUpgradeCheck = 1240;
				TargetAttributes = {
					170DA10926106B4E00897550 = {
						CreatedOnToolsVersion = 12.4;
					};
					170DA11E26106B5100897550 = {
						CreatedOnToolsVersion = 12.4;
						TestTargetID = 170DA10926106B4E00897550;
					};
					170DA12926106B5100897550 = {
						CreatedOnToolsVersion = 12.4;
						TestTargetID = 170DA10926106B4E00897550;
					};
				};
			};
			buildConfigurationList = 170040FC25FA3A5A00E25418 /* Build configuration list for PBXProject "onMars" */;
			compatibilityVersion = "Xcode 9.3";
			developmentRegion = en;
			hasScannedForEncodings = 0;
			knownRegions = (
				en,
				Base,
			);
			mainGroup = 170040F825FA3A5A00E25418;
			productRefGroup = 1700410925FA3A5E00E25418 /* Products */;
			projectDirPath = "";
			projectRoot = "";
			targets = (
				170DA10926106B4E00897550 /* onMars */,
				170DA11E26106B5100897550 /* onMarsTests */,
				170DA12926106B5100897550 /* onMarsUITests */,
			);
		};
/* End PBXProject section */

/* Begin PBXResourcesBuildPhase section */
		170DA10826106B4E00897550 /* Resources */ = {
			isa = PBXResourcesBuildPhase;
			buildActionMask = 2147483647;
			files = (
				170DA15E26106D2900897550 /* Assets.xcassets in Resources */,
				170DA11426106B5100897550 /* Preview Assets.xcassets in Resources */,
			);
			runOnlyForDeploymentPostprocessing = 0;
		};
		170DA11D26106B5100897550 /* Resources */ = {
			isa = PBXResourcesBuildPhase;
			buildActionMask = 2147483647;
			files = (
			);
			runOnlyForDeploymentPostprocessing = 0;
		};
		170DA12826106B5100897550 /* Resources */ = {
			isa = PBXResourcesBuildPhase;
			buildActionMask = 2147483647;
			files = (
			);
			runOnlyForDeploymentPostprocessing = 0;
		};
/* End PBXResourcesBuildPhase section */

/* Begin PBXSourcesBuildPhase section */
		170DA10626106B4E00897550 /* Sources */ = {
			isa = PBXSourcesBuildPhase;
			buildActionMask = 2147483647;
			files = (
				170DA14026106BBA00897550 /* GameScene.swift in Sources */,
				170DA14A26106C7400897550 /* MotionManager.swift in Sources */,
				170DA11626106B5100897550 /* Persistence.swift in Sources */,
				170DA10F26106B4E00897550 /* ContentView.swift in Sources */,
				170DA10D26106B4E00897550 /* onMarsApp.swift in Sources */,
				170DA11926106B5100897550 /* onMars.xcdatamodeld in Sources */,
			);
			runOnlyForDeploymentPostprocessing = 0;
		};
		170DA11B26106B5100897550 /* Sources */ = {
			isa = PBXSourcesBuildPhase;
			buildActionMask = 2147483647;
			files = (
			);
			runOnlyForDeploymentPostprocessing = 0;
		};
		170DA12626106B5100897550 /* Sources */ = {
			isa = PBXSourcesBuildPhase;
			buildActionMask = 2147483647;
			files = (
			);
			runOnlyForDeploymentPostprocessing = 0;
		};
/* End PBXSourcesBuildPhase section */

/* Begin PBXTargetDependency section */
		170DA12126106B5100897550 /* PBXTargetDependency */ = {
			isa = PBXTargetDependency;
			target = 170DA10926106B4E00897550 /* onMars */;
			targetProxy = 170DA12026106B5100897550 /* PBXContainerItemProxy */;
		};
		170DA12C26106B5100897550 /* PBXTargetDependency */ = {
			isa = PBXTargetDependency;
			target = 170DA10926106B4E00897550 /* onMars */;
			targetProxy = 170DA12B26106B5100897550 /* PBXContainerItemProxy */;
		};
/* End PBXTargetDependency section */

/* Begin XCBuildConfiguration section */
		1700413425FA3A5E00E25418 /* Debug */ = {
			isa = XCBuildConfiguration;
			buildSettings = {
				ALWAYS_SEARCH_USER_PATHS = NO;
				CLANG_ANALYZER_NONNULL = YES;
				CLANG_ANALYZER_NUMBER_OBJECT_CONVERSION = YES_AGGRESSIVE;
				CLANG_CXX_LANGUAGE_STANDARD = "gnu++14";
				CLANG_CXX_LIBRARY = "libc++";
				CLANG_ENABLE_MODULES = YES;
				CLANG_ENABLE_OBJC_ARC = YES;
				CLANG_ENABLE_OBJC_WEAK = YES;
				CLANG_WARN_BLOCK_CAPTURE_AUTORELEASING = YES;
				CLANG_WARN_BOOL_CONVERSION = YES;
				CLANG_WARN_COMMA = YES;
				CLANG_WARN_CONSTANT_CONVERSION = YES;
				CLANG_WARN_DEPRECATED_OBJC_IMPLEMENTATIONS = YES;
				CLANG_WARN_DIRECT_OBJC_ISA_USAGE = YES_ERROR;
				CLANG_WARN_DOCUMENTATION_COMMENTS = YES;
				CLANG_WARN_EMPTY_BODY = YES;
				CLANG_WARN_ENUM_CONVERSION = YES;
				CLANG_WARN_INFINITE_RECURSION = YES;
				CLANG_WARN_INT_CONVERSION = YES;
				CLANG_WARN_NON_LITERAL_NULL_CONVERSION = YES;
				CLANG_WARN_OBJC_IMPLICIT_RETAIN_SELF = YES;
				CLANG_WARN_OBJC_LITERAL_CONVERSION = YES;
				CLANG_WARN_OBJC_ROOT_CLASS = YES_ERROR;
				CLANG_WARN_QUOTED_INCLUDE_IN_FRAMEWORK_HEADER = YES;
				CLANG_WARN_RANGE_LOOP_ANALYSIS = YES;
				CLANG_WARN_STRICT_PROTOTYPES = YES;
				CLANG_WARN_SUSPICIOUS_MOVE = YES;
				CLANG_WARN_UNGUARDED_AVAILABILITY = YES_AGGRESSIVE;
				CLANG_WARN_UNREACHABLE_CODE = YES;
				CLANG_WARN__DUPLICATE_METHOD_MATCH = YES;
				COPY_PHASE_STRIP = NO;
				DEBUG_INFORMATION_FORMAT = dwarf;
				ENABLE_STRICT_OBJC_MSGSEND = YES;
				ENABLE_TESTABILITY = YES;
				GCC_C_LANGUAGE_STANDARD = gnu11;
				GCC_DYNAMIC_NO_PIC = NO;
				GCC_NO_COMMON_BLOCKS = YES;
				GCC_OPTIMIZATION_LEVEL = 0;
				GCC_PREPROCESSOR_DEFINITIONS = (
					"DEBUG=1",
					"$(inherited)",
				);
				GCC_WARN_64_TO_32_BIT_CONVERSION = YES;
				GCC_WARN_ABOUT_RETURN_TYPE = YES_ERROR;
				GCC_WARN_UNDECLARED_SELECTOR = YES;
				GCC_WARN_UNINITIALIZED_AUTOS = YES_AGGRESSIVE;
				GCC_WARN_UNUSED_FUNCTION = YES;
				GCC_WARN_UNUSED_VARIABLE = YES;
				IPHONEOS_DEPLOYMENT_TARGET = 14.1;
				MACOSX_DEPLOYMENT_TARGET = 10.14;
				MTL_ENABLE_DEBUG_INFO = INCLUDE_SOURCE;
				MTL_FAST_MATH = YES;
				ONLY_ACTIVE_ARCH = YES;
				SWIFT_ACTIVE_COMPILATION_CONDITIONS = DEBUG;
				SWIFT_OPTIMIZATION_LEVEL = "-Onone";
			};
			name = Debug;
		};
		1700413525FA3A5E00E25418 /* Release */ = {
			isa = XCBuildConfiguration;
			buildSettings = {
				ALWAYS_SEARCH_USER_PATHS = NO;
				CLANG_ANALYZER_NONNULL = YES;
				CLANG_ANALYZER_NUMBER_OBJECT_CONVERSION = YES_AGGRESSIVE;
				CLANG_CXX_LANGUAGE_STANDARD = "gnu++14";
				CLANG_CXX_LIBRARY = "libc++";
				CLANG_ENABLE_MODULES = YES;
				CLANG_ENABLE_OBJC_ARC = YES;
				CLANG_ENABLE_OBJC_WEAK = YES;
				CLANG_WARN_BLOCK_CAPTURE_AUTORELEASING = YES;
				CLANG_WARN_BOOL_CONVERSION = YES;
				CLANG_WARN_COMMA = YES;
				CLANG_WARN_CONSTANT_CONVERSION = YES;
				CLANG_WARN_DEPRECATED_OBJC_IMPLEMENTATIONS = YES;
				CLANG_WARN_DIRECT_OBJC_ISA_USAGE = YES_ERROR;
				CLANG_WARN_DOCUMENTATION_COMMENTS = YES;
				CLANG_WARN_EMPTY_BODY = YES;
				CLANG_WARN_ENUM_CONVERSION = YES;
				CLANG_WARN_INFINITE_RECURSION = YES;
				CLANG_WARN_INT_CONVERSION = YES;
				CLANG_WARN_NON_LITERAL_NULL_CONVERSION = YES;
				CLANG_WARN_OBJC_IMPLICIT_RETAIN_SELF = YES;
				CLANG_WARN_OBJC_LITERAL_CONVERSION = YES;
				CLANG_WARN_OBJC_ROOT_CLASS = YES_ERROR;
				CLANG_WARN_QUOTED_INCLUDE_IN_FRAMEWORK_HEADER = YES;
				CLANG_WARN_RANGE_LOOP_ANALYSIS = YES;
				CLANG_WARN_STRICT_PROTOTYPES = YES;
				CLANG_WARN_SUSPICIOUS_MOVE = YES;
				CLANG_WARN_UNGUARDED_AVAILABILITY = YES_AGGRESSIVE;
				CLANG_WARN_UNREACHABLE_CODE = YES;
				CLANG_WARN__DUPLICATE_METHOD_MATCH = YES;
				COPY_PHASE_STRIP = NO;
				DEBUG_INFORMATION_FORMAT = "dwarf-with-dsym";
				ENABLE_NS_ASSERTIONS = NO;
				ENABLE_STRICT_OBJC_MSGSEND = YES;
				GCC_C_LANGUAGE_STANDARD = gnu11;
				GCC_NO_COMMON_BLOCKS = YES;
				GCC_WARN_64_TO_32_BIT_CONVERSION = YES;
				GCC_WARN_ABOUT_RETURN_TYPE = YES_ERROR;
				GCC_WARN_UNDECLARED_SELECTOR = YES;
				GCC_WARN_UNINITIALIZED_AUTOS = YES_AGGRESSIVE;
				GCC_WARN_UNUSED_FUNCTION = YES;
				GCC_WARN_UNUSED_VARIABLE = YES;
				IPHONEOS_DEPLOYMENT_TARGET = 14.1;
				MACOSX_DEPLOYMENT_TARGET = 10.14;
				MTL_ENABLE_DEBUG_INFO = NO;
				MTL_FAST_MATH = YES;
				SWIFT_COMPILATION_MODE = wholemodule;
				SWIFT_OPTIMIZATION_LEVEL = "-O";
			};
			name = Release;
		};
		170DA13226106B5100897550 /* Debug */ = {
			isa = XCBuildConfiguration;
			buildSettings = {
				ASSETCATALOG_COMPILER_APPICON_NAME = AppIcon;
				ASSETCATALOG_COMPILER_GLOBAL_ACCENT_COLOR_NAME = AccentColor;
				CODE_SIGN_STYLE = Automatic;
				CURRENT_PROJECT_VERSION = 2;
				DEVELOPMENT_ASSET_PATHS = "\"onMars/Preview Content\"";
				DEVELOPMENT_TEAM = GDG2N58DA2;
				ENABLE_PREVIEWS = YES;
				INFOPLIST_FILE = onMars/Info.plist;
				IPHONEOS_DEPLOYMENT_TARGET = 14.4;
				LD_RUNPATH_SEARCH_PATHS = (
					"$(inherited)",
					"@executable_path/Frameworks",
				);
				PRODUCT_BUNDLE_IDENTIFIER = com.wakanda.onMars;
				PRODUCT_NAME = "$(TARGET_NAME)";
				SDKROOT = iphoneos;
				SWIFT_VERSION = 5.0;
				TARGETED_DEVICE_FAMILY = 1;
			};
			name = Debug;
		};
		170DA13326106B5100897550 /* Release */ = {
			isa = XCBuildConfiguration;
			buildSettings = {
				ASSETCATALOG_COMPILER_APPICON_NAME = AppIcon;
				ASSETCATALOG_COMPILER_GLOBAL_ACCENT_COLOR_NAME = AccentColor;
				CODE_SIGN_STYLE = Automatic;
				CURRENT_PROJECT_VERSION = 2;
				DEVELOPMENT_ASSET_PATHS = "\"onMars/Preview Content\"";
				DEVELOPMENT_TEAM = GDG2N58DA2;
				ENABLE_PREVIEWS = YES;
				INFOPLIST_FILE = onMars/Info.plist;
				IPHONEOS_DEPLOYMENT_TARGET = 14.4;
				LD_RUNPATH_SEARCH_PATHS = (
					"$(inherited)",
					"@executable_path/Frameworks",
				);
				PRODUCT_BUNDLE_IDENTIFIER = com.wakanda.onMars;
				PRODUCT_NAME = "$(TARGET_NAME)";
				SDKROOT = iphoneos;
				SWIFT_VERSION = 5.0;
				TARGETED_DEVICE_FAMILY = 1;
				VALIDATE_PRODUCT = YES;
			};
			name = Release;
		};
		170DA13526106B5100897550 /* Debug */ = {
			isa = XCBuildConfiguration;
			buildSettings = {
				ALWAYS_EMBED_SWIFT_STANDARD_LIBRARIES = YES;
				BUNDLE_LOADER = "$(TEST_HOST)";
				CODE_SIGN_STYLE = Automatic;
				DEVELOPMENT_TEAM = GDG2N58DA2;
				INFOPLIST_FILE = onMarsTests/Info.plist;
				IPHONEOS_DEPLOYMENT_TARGET = 14.4;
				LD_RUNPATH_SEARCH_PATHS = (
					"$(inherited)",
					"@executable_path/Frameworks",
					"@loader_path/Frameworks",
				);
				PRODUCT_BUNDLE_IDENTIFIER = com.wakanda.onMarsTests;
				PRODUCT_NAME = "$(TARGET_NAME)";
				SDKROOT = iphoneos;
				SWIFT_VERSION = 5.0;
				TARGETED_DEVICE_FAMILY = "1,2";
				TEST_HOST = "$(BUILT_PRODUCTS_DIR)/onMars.app/onMars";
			};
			name = Debug;
		};
		170DA13626106B5100897550 /* Release */ = {
			isa = XCBuildConfiguration;
			buildSettings = {
				ALWAYS_EMBED_SWIFT_STANDARD_LIBRARIES = YES;
				BUNDLE_LOADER = "$(TEST_HOST)";
				CODE_SIGN_STYLE = Automatic;
				DEVELOPMENT_TEAM = GDG2N58DA2;
				INFOPLIST_FILE = onMarsTests/Info.plist;
				IPHONEOS_DEPLOYMENT_TARGET = 14.4;
				LD_RUNPATH_SEARCH_PATHS = (
					"$(inherited)",
					"@executable_path/Frameworks",
					"@loader_path/Frameworks",
				);
				PRODUCT_BUNDLE_IDENTIFIER = com.wakanda.onMarsTests;
				PRODUCT_NAME = "$(TARGET_NAME)";
				SDKROOT = iphoneos;
				SWIFT_VERSION = 5.0;
				TARGETED_DEVICE_FAMILY = "1,2";
				TEST_HOST = "$(BUILT_PRODUCTS_DIR)/onMars.app/onMars";
				VALIDATE_PRODUCT = YES;
			};
			name = Release;
		};
		170DA13826106B5100897550 /* Debug */ = {
			isa = XCBuildConfiguration;
			buildSettings = {
				ALWAYS_EMBED_SWIFT_STANDARD_LIBRARIES = YES;
				CODE_SIGN_STYLE = Automatic;
				DEVELOPMENT_TEAM = GDG2N58DA2;
				INFOPLIST_FILE = onMarsUITests/Info.plist;
				IPHONEOS_DEPLOYMENT_TARGET = 14.4;
				LD_RUNPATH_SEARCH_PATHS = (
					"$(inherited)",
					"@executable_path/Frameworks",
					"@loader_path/Frameworks",
				);
				PRODUCT_BUNDLE_IDENTIFIER = com.wakanda.onMarsUITests;
				PRODUCT_NAME = "$(TARGET_NAME)";
				SDKROOT = iphoneos;
				SWIFT_VERSION = 5.0;
				TARGETED_DEVICE_FAMILY = "1,2";
				TEST_TARGET_NAME = onMars;
			};
			name = Debug;
		};
		170DA13926106B5100897550 /* Release */ = {
			isa = XCBuildConfiguration;
			buildSettings = {
				ALWAYS_EMBED_SWIFT_STANDARD_LIBRARIES = YES;
				CODE_SIGN_STYLE = Automatic;
				DEVELOPMENT_TEAM = GDG2N58DA2;
				INFOPLIST_FILE = onMarsUITests/Info.plist;
				IPHONEOS_DEPLOYMENT_TARGET = 14.4;
				LD_RUNPATH_SEARCH_PATHS = (
					"$(inherited)",
					"@executable_path/Frameworks",
					"@loader_path/Frameworks",
				);
				PRODUCT_BUNDLE_IDENTIFIER = com.wakanda.onMarsUITests;
				PRODUCT_NAME = "$(TARGET_NAME)";
				SDKROOT = iphoneos;
				SWIFT_VERSION = 5.0;
				TARGETED_DEVICE_FAMILY = "1,2";
				TEST_TARGET_NAME = onMars;
				VALIDATE_PRODUCT = YES;
			};
			name = Release;
		};
/* End XCBuildConfiguration section */

/* Begin XCConfigurationList section */
		170040FC25FA3A5A00E25418 /* Build configuration list for PBXProject "onMars" */ = {
			isa = XCConfigurationList;
			buildConfigurations = (
				1700413425FA3A5E00E25418 /* Debug */,
				1700413525FA3A5E00E25418 /* Release */,
			);
			defaultConfigurationIsVisible = 0;
			defaultConfigurationName = Release;
		};
		170DA13126106B5100897550 /* Build configuration list for PBXNativeTarget "onMars" */ = {
			isa = XCConfigurationList;
			buildConfigurations = (
				170DA13226106B5100897550 /* Debug */,
				170DA13326106B5100897550 /* Release */,
			);
			defaultConfigurationIsVisible = 0;
			defaultConfigurationName = Release;
		};
		170DA13426106B5100897550 /* Build configuration list for PBXNativeTarget "onMarsTests" */ = {
			isa = XCConfigurationList;
			buildConfigurations = (
				170DA13526106B5100897550 /* Debug */,
				170DA13626106B5100897550 /* Release */,
			);
			defaultConfigurationIsVisible = 0;
			defaultConfigurationName = Release;
		};
		170DA13726106B5100897550 /* Build configuration list for PBXNativeTarget "onMarsUITests" */ = {
			isa = XCConfigurationList;
			buildConfigurations = (
				170DA13826106B5100897550 /* Debug */,
				170DA13926106B5100897550 /* Release */,
			);
			defaultConfigurationIsVisible = 0;
			defaultConfigurationName = Release;
		};
/* End XCConfigurationList section */

/* Begin XCVersionGroup section */
		170DA11726106B5100897550 /* onMars.xcdatamodeld */ = {
			isa = XCVersionGroup;
			children = (
				170DA11826106B5100897550 /* onMars.xcdatamodel */,
			);
			currentVersion = 170DA11826106B5100897550 /* onMars.xcdatamodel */;
			path = onMars.xcdatamodeld;
			sourceTree = "<group>";
			versionGroupType = wrapper.xcdatamodel;
		};
/* End XCVersionGroup section */
	};
	rootObject = 170040F925FA3A5A00E25418 /* Project object */;
}
